
Microsoft Visual Studio Solution File, Format Version 12.00
# Visual Studio Version 16
VisualStudioVersion = 16.0.30320.27
MinimumVisualStudioVersion = 10.0.40219.1
Project("{FAE04EC0-301F-11D3-BF4B-00C04F79EFBC}") = "MuskyMulisha", "MuskyMulisha\MuskyMulisha.csproj", "{63851A74-BB50-4858-809C-03E84D94FFAA}"
EndProject
Global
	GlobalSection(SolutionConfigurationPlatforms) = preSolution
		Debug|Any CPU = Debug|Any CPU
		Release|Any CPU = Release|Any CPU
	EndGlobalSection
	GlobalSection(ProjectConfigurationPlatforms) = postSolution
		{63851A74-BB50-4858-809C-03E84D94FFAA}.Debug|Any CPU.ActiveCfg = Debug|Any CPU
		{63851A74-BB50-4858-809C-03E84D94FFAA}.Debug|Any CPU.Build.0 = Debug|Any CPU
		{63851A74-BB50-4858-809C-03E84D94FFAA}.Release|Any CPU.ActiveCfg = Release|Any CPU
		{63851A74-BB50-4858-809C-03E84D94FFAA}.Release|Any CPU.Build.0 = Release|Any CPU
	EndGlobalSection
	GlobalSection(SolutionProperties) = preSolution
		HideSolutionNode = FALSE
	EndGlobalSection
	GlobalSection(ExtensibilityGlobals) = postSolution
		SolutionGuid = {E6D066B2-D51A-4329-8567-4E66B97AF025}
	EndGlobalSection
EndGlobal
